
Microsoft Visual Studio Solution File, Format Version 12.00
# Visual Studio Version 17
VisualStudioVersion = 17.5.002.0
MinimumVisualStudioVersion = 10.0.40219.1
Project("{2150E333-8FDC-42A3-9474-1A3956D46DE8}") = "ChallengeProject", "ChallengeProject", "{E3FBA210-00A8-4BB1-8B56-D35A8CBB9618}"
EndProject
Project("{9A19103F-16F7-4668-BE54-9A1E7A4F7556}") = "Final", "ChallengeProject\Final\Final.csproj", "{DB97A438-7441-4E59-895E-5A1B1B0C8021}"
EndProject
Project("{9A19103F-16F7-4668-BE54-9A1E7A4F7556}") = "Starter", "ChallengeProject\Starter\Starter.csproj", "{5FB2CB19-8387-42A0-A5F7-353B8115C16F}"
EndProject
Global
	GlobalSection(SolutionConfigurationPlatforms) = preSolution
		Debug|Any CPU = Debug|Any CPU
		Release|Any CPU = Release|Any CPU
	EndGlobalSection
	GlobalSection(ProjectConfigurationPlatforms) = postSolution
		{DB97A438-7441-4E59-895E-5A1B1B0C8021}.Debug|Any CPU.ActiveCfg = Debug|Any CPU
		{DB97A438-7441-4E59-895E-5A1B1B0C8021}.Debug|Any CPU.Build.0 = Debug|Any CPU
		{DB97A438-7441-4E59-895E-5A1B1B0C8021}.Release|Any CPU.ActiveCfg = Release|Any CPU
		{DB97A438-7441-4E59-895E-5A1B1B0C8021}.Release|Any CPU.Build.0 = Release|Any CPU
		{5FB2CB19-8387-42A0-A5F7-353B8115C16F}.Debug|Any CPU.ActiveCfg = Debug|Any CPU
		{5FB2CB19-8387-42A0-A5F7-353B8115C16F}.Debug|Any CPU.Build.0 = Debug|Any CPU
		{5FB2CB19-8387-42A0-A5F7-353B8115C16F}.Release|Any CPU.ActiveCfg = Release|Any CPU
		{5FB2CB19-8387-42A0-A5F7-353B8115C16F}.Release|Any CPU.Build.0 = Release|Any CPU
	EndGlobalSection
	GlobalSection(SolutionProperties) = preSolution
		HideSolutionNode = FALSE
	EndGlobalSection
	GlobalSection(NestedProjects) = preSolution
		{DB97A438-7441-4E59-895E-5A1B1B0C8021} = {E3FBA210-00A8-4BB1-8B56-D35A8CBB9618}
		{5FB2CB19-8387-42A0-A5F7-353B8115C16F} = {E3FBA210-00A8-4BB1-8B56-D35A8CBB9618}
	EndGlobalSection
	GlobalSection(ExtensibilityGlobals) = postSolution
		SolutionGuid = {8DFB1078-3F0F-4893-8E59-1C9AB228CA8B}
	EndGlobalSection
EndGlobal
